
Microsoft Visual Studio Solution File, Format Version 12.00
# Visual Studio 15
VisualStudioVersion = 15.0.26730.12
MinimumVisualStudioVersion = 10.0.40219.1
Project("{8BC9CEB8-8B4A-11D0-8D11-00A0C91BC942}") = "Bin_and_Serialize", "Bin_and_Serialize\Bin_and_Serialize.vcxproj", "{4C1C1E22-B983-4A33-AF4E-F400AFF1B9C1}"
EndProject
Global
	GlobalSection(SolutionConfigurationPlatforms) = preSolution
		Debug|x64 = Debug|x64
		Debug|x86 = Debug|x86
		Release|x64 = Release|x64
		Release|x86 = Release|x86
	EndGlobalSection
	GlobalSection(ProjectConfigurationPlatforms) = postSolution
		{4C1C1E22-B983-4A33-AF4E-F400AFF1B9C1}.Debug|x64.ActiveCfg = Debug|x64
		{4C1C1E22-B983-4A33-AF4E-F400AFF1B9C1}.Debug|x64.Build.0 = Debug|x64
		{4C1C1E22-B983-4A33-AF4E-F400AFF1B9C1}.Debug|x86.ActiveCfg = Debug|Win32
		{4C1C1E22-B983-4A33-AF4E-F400AFF1B9C1}.Debug|x86.Build.0 = Debug|Win32
		{4C1C1E22-B983-4A33-AF4E-F400AFF1B9C1}.Release|x64.ActiveCfg = Release|x64
		{4C1C1E22-B983-4A33-AF4E-F400AFF1B9C1}.Release|x64.Build.0 = Release|x64
		{4C1C1E22-B983-4A33-AF4E-F400AFF1B9C1}.Release|x86.ActiveCfg = Release|Win32
		{4C1C1E22-B983-4A33-AF4E-F400AFF1B9C1}.Release|x86.Build.0 = Release|Win32
	EndGlobalSection
	GlobalSection(SolutionProperties) = preSolution
		HideSolutionNode = FALSE
	EndGlobalSection
	GlobalSection(ExtensibilityGlobals) = postSolution
		SolutionGuid = {4C0FE27F-9A26-4913-BD31-F4A117342742}
	EndGlobalSection
EndGlobal
